// !$*UTF8*$!
{
	archiveVersion = 1;
	classes = {
	};
	objectVersion = 55;
	objects = {

/* Begin PBXBuildFile section */
		D410C13127CE9B5F006AEB35 /* MainView.swift in Sources */ = {isa = PBXBuildFile; fileRef = D410C13027CE9B5F006AEB35 /* MainView.swift */; };
		D410C13227CE9B5F006AEB35 /* MainView.swift in Sources */ = {isa = PBXBuildFile; fileRef = D410C13027CE9B5F006AEB35 /* MainView.swift */; };
		D410C13427CE9D6A006AEB35 /* ProblemView.swift in Sources */ = {isa = PBXBuildFile; fileRef = D410C13327CE9D6A006AEB35 /* ProblemView.swift */; };
		D410C13527CE9D6A006AEB35 /* ProblemView.swift in Sources */ = {isa = PBXBuildFile; fileRef = D410C13327CE9D6A006AEB35 /* ProblemView.swift */; };
		D410C13727CE9E56006AEB35 /* FeedView.swift in Sources */ = {isa = PBXBuildFile; fileRef = D410C13627CE9E56006AEB35 /* FeedView.swift */; };
		D410C13827CE9E56006AEB35 /* FeedView.swift in Sources */ = {isa = PBXBuildFile; fileRef = D410C13627CE9E56006AEB35 /* FeedView.swift */; };
		D410C13A27CE9F19006AEB35 /* CommunityView.swift in Sources */ = {isa = PBXBuildFile; fileRef = D410C13927CE9F19006AEB35 /* CommunityView.swift */; };
		D410C13B27CE9F19006AEB35 /* CommunityView.swift in Sources */ = {isa = PBXBuildFile; fileRef = D410C13927CE9F19006AEB35 /* CommunityView.swift */; };
		D410C13D27CEA1EB006AEB35 /* Helper.swift in Sources */ = {isa = PBXBuildFile; fileRef = D410C13C27CEA1EB006AEB35 /* Helper.swift */; };
		D410C13E27CEA1EB006AEB35 /* Helper.swift in Sources */ = {isa = PBXBuildFile; fileRef = D410C13C27CEA1EB006AEB35 /* Helper.swift */; };
		D410C14027CEA23D006AEB35 /* tracks.json in Resources */ = {isa = PBXBuildFile; fileRef = D410C13F27CEA23D006AEB35 /* tracks.json */; };
		D410C14127CEA23D006AEB35 /* tracks.json in Resources */ = {isa = PBXBuildFile; fileRef = D410C13F27CEA23D006AEB35 /* tracks.json */; };
		D410C14327CEA474006AEB35 /* Track.swift in Sources */ = {isa = PBXBuildFile; fileRef = D410C14227CEA474006AEB35 /* Track.swift */; };
		D410C14427CEA474006AEB35 /* Track.swift in Sources */ = {isa = PBXBuildFile; fileRef = D410C14227CEA474006AEB35 /* Track.swift */; };
		D410C14627D16F59006AEB35 /* TrackRow.swift in Sources */ = {isa = PBXBuildFile; fileRef = D410C14527D16F59006AEB35 /* TrackRow.swift */; };
		D410C14727D16F59006AEB35 /* TrackRow.swift in Sources */ = {isa = PBXBuildFile; fileRef = D410C14527D16F59006AEB35 /* TrackRow.swift */; };
		D410C14927D1750A006AEB35 /* TrackDetailView.swift in Sources */ = {isa = PBXBuildFile; fileRef = D410C14827D1750A006AEB35 /* TrackDetailView.swift */; };
		D410C14A27D1750A006AEB35 /* TrackDetailView.swift in Sources */ = {isa = PBXBuildFile; fileRef = D410C14827D1750A006AEB35 /* TrackDetailView.swift */; };
		D410C14C27D1F970006AEB35 /* Germany.gpx in Resources */ = {isa = PBXBuildFile; fileRef = D410C14B27D1F970006AEB35 /* Germany.gpx */; };
		D410C14D27D1F970006AEB35 /* Germany.gpx in Resources */ = {isa = PBXBuildFile; fileRef = D410C14B27D1F970006AEB35 /* Germany.gpx */; };
		D410C15027DF3535006AEB35 /* CoreGPX in Frameworks */ = {isa = PBXBuildFile; productRef = D410C14F27DF3535006AEB35 /* CoreGPX */; };
		D4AF3E3427F38FB30034479C /* MapView.swift in Sources */ = {isa = PBXBuildFile; fileRef = D4AF3E3327F38FB30034479C /* MapView.swift */; };
		D4AF3E3527F38FB30034479C /* MapView.swift in Sources */ = {isa = PBXBuildFile; fileRef = D4AF3E3327F38FB30034479C /* MapView.swift */; };
		D4AF3E3727F38FF10034479C /* TrackDetailViewModel.swift in Sources */ = {isa = PBXBuildFile; fileRef = D4AF3E3627F38FF10034479C /* TrackDetailViewModel.swift */; };
		D4AF3E3827F38FF10034479C /* TrackDetailViewModel.swift in Sources */ = {isa = PBXBuildFile; fileRef = D4AF3E3627F38FF10034479C /* TrackDetailViewModel.swift */; };
		D4D999DA27C8C88200E63F5B /* Tests_iOS.swift in Sources */ = {isa = PBXBuildFile; fileRef = D4D999D927C8C88200E63F5B /* Tests_iOS.swift */; };
		D4D999DC27C8C88200E63F5B /* Tests_iOSLaunchTests.swift in Sources */ = {isa = PBXBuildFile; fileRef = D4D999DB27C8C88200E63F5B /* Tests_iOSLaunchTests.swift */; };
		D4D999E627C8C88200E63F5B /* Tests_macOS.swift in Sources */ = {isa = PBXBuildFile; fileRef = D4D999E527C8C88200E63F5B /* Tests_macOS.swift */; };
		D4D999E827C8C88200E63F5B /* Tests_macOSLaunchTests.swift in Sources */ = {isa = PBXBuildFile; fileRef = D4D999E727C8C88200E63F5B /* Tests_macOSLaunchTests.swift */; };
		D4D999E927C8C88200E63F5B /* TransEuroTrailApp.swift in Sources */ = {isa = PBXBuildFile; fileRef = D4D999C127C8C88100E63F5B /* TransEuroTrailApp.swift */; };
		D4D999EA27C8C88200E63F5B /* TransEuroTrailApp.swift in Sources */ = {isa = PBXBuildFile; fileRef = D4D999C127C8C88100E63F5B /* TransEuroTrailApp.swift */; };
		D4D999EB27C8C88200E63F5B /* TracksView.swift in Sources */ = {isa = PBXBuildFile; fileRef = D4D999C227C8C88100E63F5B /* TracksView.swift */; };
		D4D999EC27C8C88200E63F5B /* TracksView.swift in Sources */ = {isa = PBXBuildFile; fileRef = D4D999C227C8C88100E63F5B /* TracksView.swift */; };
		D4D999ED27C8C88200E63F5B /* Assets.xcassets in Resources */ = {isa = PBXBuildFile; fileRef = D4D999C327C8C88200E63F5B /* Assets.xcassets */; };
		D4D999EE27C8C88200E63F5B /* Assets.xcassets in Resources */ = {isa = PBXBuildFile; fileRef = D4D999C327C8C88200E63F5B /* Assets.xcassets */; };
/* End PBXBuildFile section */

/* Begin PBXContainerItemProxy section */
		D4D999D627C8C88200E63F5B /* PBXContainerItemProxy */ = {
			isa = PBXContainerItemProxy;
			containerPortal = D4D999BC27C8C88100E63F5B /* Project object */;
			proxyType = 1;
			remoteGlobalIDString = D4D999C727C8C88200E63F5B;
			remoteInfo = "TransEuroTrail (iOS)";
		};
		D4D999E227C8C88200E63F5B /* PBXContainerItemProxy */ = {
			isa = PBXContainerItemProxy;
			containerPortal = D4D999BC27C8C88100E63F5B /* Project object */;
			proxyType = 1;
			remoteGlobalIDString = D4D999CD27C8C88200E63F5B;
			remoteInfo = "TransEuroTrail (macOS)";
		};
/* End PBXContainerItemProxy section */

/* Begin PBXFileReference section */
		D410C13027CE9B5F006AEB35 /* MainView.swift */ = {isa = PBXFileReference; lastKnownFileType = sourcecode.swift; path = MainView.swift; sourceTree = "<group>"; };
		D410C13327CE9D6A006AEB35 /* ProblemView.swift */ = {isa = PBXFileReference; lastKnownFileType = sourcecode.swift; path = ProblemView.swift; sourceTree = "<group>"; };
		D410C13627CE9E56006AEB35 /* FeedView.swift */ = {isa = PBXFileReference; lastKnownFileType = sourcecode.swift; path = FeedView.swift; sourceTree = "<group>"; };
		D410C13927CE9F19006AEB35 /* CommunityView.swift */ = {isa = PBXFileReference; lastKnownFileType = sourcecode.swift; path = CommunityView.swift; sourceTree = "<group>"; };
		D410C13C27CEA1EB006AEB35 /* Helper.swift */ = {isa = PBXFileReference; lastKnownFileType = sourcecode.swift; path = Helper.swift; sourceTree = "<group>"; };
		D410C13F27CEA23D006AEB35 /* tracks.json */ = {isa = PBXFileReference; lastKnownFileType = text.json; path = tracks.json; sourceTree = "<group>"; };
		D410C14227CEA474006AEB35 /* Track.swift */ = {isa = PBXFileReference; lastKnownFileType = sourcecode.swift; path = Track.swift; sourceTree = "<group>"; };
		D410C14527D16F59006AEB35 /* TrackRow.swift */ = {isa = PBXFileReference; lastKnownFileType = sourcecode.swift; path = TrackRow.swift; sourceTree = "<group>"; };
		D410C14827D1750A006AEB35 /* TrackDetailView.swift */ = {isa = PBXFileReference; lastKnownFileType = sourcecode.swift; path = TrackDetailView.swift; sourceTree = "<group>"; };
		D410C14B27D1F970006AEB35 /* Germany.gpx */ = {isa = PBXFileReference; fileEncoding = 4; lastKnownFileType = text.xml; path = Germany.gpx; sourceTree = "<group>"; };
		D4AF3E3327F38FB30034479C /* MapView.swift */ = {isa = PBXFileReference; lastKnownFileType = sourcecode.swift; path = MapView.swift; sourceTree = "<group>"; };
		D4AF3E3627F38FF10034479C /* TrackDetailViewModel.swift */ = {isa = PBXFileReference; lastKnownFileType = sourcecode.swift; path = TrackDetailViewModel.swift; sourceTree = "<group>"; };
		D4D999C127C8C88100E63F5B /* TransEuroTrailApp.swift */ = {isa = PBXFileReference; lastKnownFileType = sourcecode.swift; path = TransEuroTrailApp.swift; sourceTree = "<group>"; };
		D4D999C227C8C88100E63F5B /* TracksView.swift */ = {isa = PBXFileReference; lastKnownFileType = sourcecode.swift; path = TracksView.swift; sourceTree = "<group>"; };
		D4D999C327C8C88200E63F5B /* Assets.xcassets */ = {isa = PBXFileReference; lastKnownFileType = folder.assetcatalog; path = Assets.xcassets; sourceTree = "<group>"; };
		D4D999C827C8C88200E63F5B /* TransEuroTrail.app */ = {isa = PBXFileReference; explicitFileType = wrapper.application; includeInIndex = 0; path = TransEuroTrail.app; sourceTree = BUILT_PRODUCTS_DIR; };
		D4D999CE27C8C88200E63F5B /* TransEuroTrail.app */ = {isa = PBXFileReference; explicitFileType = wrapper.application; includeInIndex = 0; path = TransEuroTrail.app; sourceTree = BUILT_PRODUCTS_DIR; };
		D4D999D027C8C88200E63F5B /* macOS.entitlements */ = {isa = PBXFileReference; lastKnownFileType = text.plist.entitlements; path = macOS.entitlements; sourceTree = "<group>"; };
		D4D999D527C8C88200E63F5B /* Tests iOS.xctest */ = {isa = PBXFileReference; explicitFileType = wrapper.cfbundle; includeInIndex = 0; path = "Tests iOS.xctest"; sourceTree = BUILT_PRODUCTS_DIR; };
		D4D999D927C8C88200E63F5B /* Tests_iOS.swift */ = {isa = PBXFileReference; lastKnownFileType = sourcecode.swift; path = Tests_iOS.swift; sourceTree = "<group>"; };
		D4D999DB27C8C88200E63F5B /* Tests_iOSLaunchTests.swift */ = {isa = PBXFileReference; lastKnownFileType = sourcecode.swift; path = Tests_iOSLaunchTests.swift; sourceTree = "<group>"; };
		D4D999E127C8C88200E63F5B /* Tests macOS.xctest */ = {isa = PBXFileReference; explicitFileType = wrapper.cfbundle; includeInIndex = 0; path = "Tests macOS.xctest"; sourceTree = BUILT_PRODUCTS_DIR; };
		D4D999E527C8C88200E63F5B /* Tests_macOS.swift */ = {isa = PBXFileReference; lastKnownFileType = sourcecode.swift; path = Tests_macOS.swift; sourceTree = "<group>"; };
		D4D999E727C8C88200E63F5B /* Tests_macOSLaunchTests.swift */ = {isa = PBXFileReference; lastKnownFileType = sourcecode.swift; path = Tests_macOSLaunchTests.swift; sourceTree = "<group>"; };
/* End PBXFileReference section */

/* Begin PBXFrameworksBuildPhase section */
		D4D999C527C8C88200E63F5B /* Frameworks */ = {
			isa = PBXFrameworksBuildPhase;
			buildActionMask = 2147483647;
			files = (
				D410C15027DF3535006AEB35 /* CoreGPX in Frameworks */,
			);
			runOnlyForDeploymentPostprocessing = 0;
		};
		D4D999CB27C8C88200E63F5B /* Frameworks */ = {
			isa = PBXFrameworksBuildPhase;
			buildActionMask = 2147483647;
			files = (
			);
			runOnlyForDeploymentPostprocessing = 0;
		};
		D4D999D227C8C88200E63F5B /* Frameworks */ = {
			isa = PBXFrameworksBuildPhase;
			buildActionMask = 2147483647;
			files = (
			);
			runOnlyForDeploymentPostprocessing = 0;
		};
		D4D999DE27C8C88200E63F5B /* Frameworks */ = {
			isa = PBXFrameworksBuildPhase;
			buildActionMask = 2147483647;
			files = (
			);
			runOnlyForDeploymentPostprocessing = 0;
		};
/* End PBXFrameworksBuildPhase section */

/* Begin PBXGroup section */
		D4D999BB27C8C88100E63F5B = {
			isa = PBXGroup;
			children = (
				D4D999C027C8C88100E63F5B /* Shared */,
				D4D999CF27C8C88200E63F5B /* macOS */,
				D4D999D827C8C88200E63F5B /* Tests iOS */,
				D4D999E427C8C88200E63F5B /* Tests macOS */,
				D4D999C927C8C88200E63F5B /* Products */,
			);
			sourceTree = "<group>";
		};
		D4D999C027C8C88100E63F5B /* Shared */ = {
			isa = PBXGroup;
			children = (
				D4AF3E3327F38FB30034479C /* MapView.swift */,
				D4D999C127C8C88100E63F5B /* TransEuroTrailApp.swift */,
				D410C13027CE9B5F006AEB35 /* MainView.swift */,
				D410C13627CE9E56006AEB35 /* FeedView.swift */,
				D410C13327CE9D6A006AEB35 /* ProblemView.swift */,
				D4D999C227C8C88100E63F5B /* TracksView.swift */,
				D410C14827D1750A006AEB35 /* TrackDetailView.swift */,
				D4AF3E3627F38FF10034479C /* TrackDetailViewModel.swift */,
				D410C14527D16F59006AEB35 /* TrackRow.swift */,
				D410C13927CE9F19006AEB35 /* CommunityView.swift */,
				D4D999C327C8C88200E63F5B /* Assets.xcassets */,
				D410C13C27CEA1EB006AEB35 /* Helper.swift */,
				D410C14B27D1F970006AEB35 /* Germany.gpx */,
				D410C13F27CEA23D006AEB35 /* tracks.json */,
				D410C14227CEA474006AEB35 /* Track.swift */,
			);
			path = Shared;
			sourceTree = "<group>";
		};
		D4D999C927C8C88200E63F5B /* Products */ = {
			isa = PBXGroup;
			children = (
				D4D999C827C8C88200E63F5B /* TransEuroTrail.app */,
				D4D999CE27C8C88200E63F5B /* TransEuroTrail.app */,
				D4D999D527C8C88200E63F5B /* Tests iOS.xctest */,
				D4D999E127C8C88200E63F5B /* Tests macOS.xctest */,
			);
			name = Products;
			sourceTree = "<group>";
		};
		D4D999CF27C8C88200E63F5B /* macOS */ = {
			isa = PBXGroup;
			children = (
				D4D999D027C8C88200E63F5B /* macOS.entitlements */,
			);
			path = macOS;
			sourceTree = "<group>";
		};
		D4D999D827C8C88200E63F5B /* Tests iOS */ = {
			isa = PBXGroup;
			children = (
				D4D999D927C8C88200E63F5B /* Tests_iOS.swift */,
				D4D999DB27C8C88200E63F5B /* Tests_iOSLaunchTests.swift */,
			);
			path = "Tests iOS";
			sourceTree = "<group>";
		};
		D4D999E427C8C88200E63F5B /* Tests macOS */ = {
			isa = PBXGroup;
			children = (
				D4D999E527C8C88200E63F5B /* Tests_macOS.swift */,
				D4D999E727C8C88200E63F5B /* Tests_macOSLaunchTests.swift */,
			);
			path = "Tests macOS";
			sourceTree = "<group>";
		};
/* End PBXGroup section */

/* Begin PBXNativeTarget section */
		D4D999C727C8C88200E63F5B /* TransEuroTrail (iOS) */ = {
			isa = PBXNativeTarget;
			buildConfigurationList = D4D999F127C8C88200E63F5B /* Build configuration list for PBXNativeTarget "TransEuroTrail (iOS)" */;
			buildPhases = (
				D4D999C427C8C88200E63F5B /* Sources */,
				D4D999C527C8C88200E63F5B /* Frameworks */,
				D4D999C627C8C88200E63F5B /* Resources */,
			);
			buildRules = (
			);
			dependencies = (
			);
			name = "TransEuroTrail (iOS)";
			packageProductDependencies = (
				D410C14F27DF3535006AEB35 /* CoreGPX */,
			);
			productName = "TransEuroTrail (iOS)";
			productReference = D4D999C827C8C88200E63F5B /* TransEuroTrail.app */;
			productType = "com.apple.product-type.application";
		};
		D4D999CD27C8C88200E63F5B /* TransEuroTrail (macOS) */ = {
			isa = PBXNativeTarget;
			buildConfigurationList = D4D999F427C8C88200E63F5B /* Build configuration list for PBXNativeTarget "TransEuroTrail (macOS)" */;
			buildPhases = (
				D4D999CA27C8C88200E63F5B /* Sources */,
				D4D999CB27C8C88200E63F5B /* Frameworks */,
				D4D999CC27C8C88200E63F5B /* Resources */,
			);
			buildRules = (
			);
			dependencies = (
			);
			name = "TransEuroTrail (macOS)";
			productName = "TransEuroTrail (macOS)";
			productReference = D4D999CE27C8C88200E63F5B /* TransEuroTrail.app */;
			productType = "com.apple.product-type.application";
		};
		D4D999D427C8C88200E63F5B /* Tests iOS */ = {
			isa = PBXNativeTarget;
			buildConfigurationList = D4D999F727C8C88200E63F5B /* Build configuration list for PBXNativeTarget "Tests iOS" */;
			buildPhases = (
				D4D999D127C8C88200E63F5B /* Sources */,
				D4D999D227C8C88200E63F5B /* Frameworks */,
				D4D999D327C8C88200E63F5B /* Resources */,
			);
			buildRules = (
			);
			dependencies = (
				D4D999D727C8C88200E63F5B /* PBXTargetDependency */,
			);
			name = "Tests iOS";
			productName = "Tests iOS";
			productReference = D4D999D527C8C88200E63F5B /* Tests iOS.xctest */;
			productType = "com.apple.product-type.bundle.ui-testing";
		};
		D4D999E027C8C88200E63F5B /* Tests macOS */ = {
			isa = PBXNativeTarget;
			buildConfigurationList = D4D999FA27C8C88200E63F5B /* Build configuration list for PBXNativeTarget "Tests macOS" */;
			buildPhases = (
				D4D999DD27C8C88200E63F5B /* Sources */,
				D4D999DE27C8C88200E63F5B /* Frameworks */,
				D4D999DF27C8C88200E63F5B /* Resources */,
			);
			buildRules = (
			);
			dependencies = (
				D4D999E327C8C88200E63F5B /* PBXTargetDependency */,
			);
			name = "Tests macOS";
			productName = "Tests macOS";
			productReference = D4D999E127C8C88200E63F5B /* Tests macOS.xctest */;
			productType = "com.apple.product-type.bundle.ui-testing";
		};
/* End PBXNativeTarget section */

/* Begin PBXProject section */
		D4D999BC27C8C88100E63F5B /* Project object */ = {
			isa = PBXProject;
			attributes = {
				BuildIndependentTargetsInParallel = 1;
				LastSwiftUpdateCheck = 1320;
				LastUpgradeCheck = 1320;
				TargetAttributes = {
					D4D999C727C8C88200E63F5B = {
						CreatedOnToolsVersion = 13.2.1;
					};
					D4D999CD27C8C88200E63F5B = {
						CreatedOnToolsVersion = 13.2.1;
					};
					D4D999D427C8C88200E63F5B = {
						CreatedOnToolsVersion = 13.2.1;
						TestTargetID = D4D999C727C8C88200E63F5B;
					};
					D4D999E027C8C88200E63F5B = {
						CreatedOnToolsVersion = 13.2.1;
						TestTargetID = D4D999CD27C8C88200E63F5B;
					};
				};
			};
			buildConfigurationList = D4D999BF27C8C88100E63F5B /* Build configuration list for PBXProject "TransEuroTrail" */;
			compatibilityVersion = "Xcode 13.0";
			developmentRegion = en;
			hasScannedForEncodings = 0;
			knownRegions = (
				en,
				Base,
			);
			mainGroup = D4D999BB27C8C88100E63F5B;
			packageReferences = (
				D410C14E27DF3535006AEB35 /* XCRemoteSwiftPackageReference "CoreGPX" */,
			);
			productRefGroup = D4D999C927C8C88200E63F5B /* Products */;
			projectDirPath = "";
			projectRoot = "";
			targets = (
				D4D999C727C8C88200E63F5B /* TransEuroTrail (iOS) */,
				D4D999CD27C8C88200E63F5B /* TransEuroTrail (macOS) */,
				D4D999D427C8C88200E63F5B /* Tests iOS */,
				D4D999E027C8C88200E63F5B /* Tests macOS */,
			);
		};
/* End PBXProject section */

/* Begin PBXResourcesBuildPhase section */
		D4D999C627C8C88200E63F5B /* Resources */ = {
			isa = PBXResourcesBuildPhase;
			buildActionMask = 2147483647;
			files = (
				D4D999ED27C8C88200E63F5B /* Assets.xcassets in Resources */,
				D410C14027CEA23D006AEB35 /* tracks.json in Resources */,
				D410C14C27D1F970006AEB35 /* Germany.gpx in Resources */,
			);
			runOnlyForDeploymentPostprocessing = 0;
		};
		D4D999CC27C8C88200E63F5B /* Resources */ = {
			isa = PBXResourcesBuildPhase;
			buildActionMask = 2147483647;
			files = (
				D4D999EE27C8C88200E63F5B /* Assets.xcassets in Resources */,
				D410C14127CEA23D006AEB35 /* tracks.json in Resources */,
				D410C14D27D1F970006AEB35 /* Germany.gpx in Resources */,
			);
			runOnlyForDeploymentPostprocessing = 0;
		};
		D4D999D327C8C88200E63F5B /* Resources */ = {
			isa = PBXResourcesBuildPhase;
			buildActionMask = 2147483647;
			files = (
			);
			runOnlyForDeploymentPostprocessing = 0;
		};
		D4D999DF27C8C88200E63F5B /* Resources */ = {
			isa = PBXResourcesBuildPhase;
			buildActionMask = 2147483647;
			files = (
			);
			runOnlyForDeploymentPostprocessing = 0;
		};
/* End PBXResourcesBuildPhase section */

/* Begin PBXSourcesBuildPhase section */
		D4D999C427C8C88200E63F5B /* Sources */ = {
			isa = PBXSourcesBuildPhase;
			buildActionMask = 2147483647;
			files = (
				D410C14627D16F59006AEB35 /* TrackRow.swift in Sources */,
				D410C13727CE9E56006AEB35 /* FeedView.swift in Sources */,
				D410C13D27CEA1EB006AEB35 /* Helper.swift in Sources */,
				D4AF3E3427F38FB30034479C /* MapView.swift in Sources */,
				D410C13427CE9D6A006AEB35 /* ProblemView.swift in Sources */,
				D410C14327CEA474006AEB35 /* Track.swift in Sources */,
				D410C13A27CE9F19006AEB35 /* CommunityView.swift in Sources */,
				D410C14927D1750A006AEB35 /* TrackDetailView.swift in Sources */,
				D4D999EB27C8C88200E63F5B /* TracksView.swift in Sources */,
				D4AF3E3727F38FF10034479C /* TrackDetailViewModel.swift in Sources */,
				D410C13127CE9B5F006AEB35 /* MainView.swift in Sources */,
				D4D999E927C8C88200E63F5B /* TransEuroTrailApp.swift in Sources */,
			);
			runOnlyForDeploymentPostprocessing = 0;
		};
		D4D999CA27C8C88200E63F5B /* Sources */ = {
			isa = PBXSourcesBuildPhase;
			buildActionMask = 2147483647;
			files = (
				D410C14727D16F59006AEB35 /* TrackRow.swift in Sources */,
				D410C13827CE9E56006AEB35 /* FeedView.swift in Sources */,
				D410C13E27CEA1EB006AEB35 /* Helper.swift in Sources */,
				D4AF3E3527F38FB30034479C /* MapView.swift in Sources */,
				D410C13527CE9D6A006AEB35 /* ProblemView.swift in Sources */,
				D410C14427CEA474006AEB35 /* Track.swift in Sources */,
				D410C13B27CE9F19006AEB35 /* CommunityView.swift in Sources */,
				D410C14A27D1750A006AEB35 /* TrackDetailView.swift in Sources */,
				D4D999EC27C8C88200E63F5B /* TracksView.swift in Sources */,
				D4AF3E3827F38FF10034479C /* TrackDetailViewModel.swift in Sources */,
				D410C13227CE9B5F006AEB35 /* MainView.swift in Sources */,
				D4D999EA27C8C88200E63F5B /* TransEuroTrailApp.swift in Sources */,
			);
			runOnlyForDeploymentPostprocessing = 0;
		};
		D4D999D127C8C88200E63F5B /* Sources */ = {
			isa = PBXSourcesBuildPhase;
			buildActionMask = 2147483647;
			files = (
				D4D999DC27C8C88200E63F5B /* Tests_iOSLaunchTests.swift in Sources */,
				D4D999DA27C8C88200E63F5B /* Tests_iOS.swift in Sources */,
			);
			runOnlyForDeploymentPostprocessing = 0;
		};
		D4D999DD27C8C88200E63F5B /* Sources */ = {
			isa = PBXSourcesBuildPhase;
			buildActionMask = 2147483647;
			files = (
				D4D999E827C8C88200E63F5B /* Tests_macOSLaunchTests.swift in Sources */,
				D4D999E627C8C88200E63F5B /* Tests_macOS.swift in Sources */,
			);
			runOnlyForDeploymentPostprocessing = 0;
		};
/* End PBXSourcesBuildPhase section */

/* Begin PBXTargetDependency section */
		D4D999D727C8C88200E63F5B /* PBXTargetDependency */ = {
			isa = PBXTargetDependency;
			target = D4D999C727C8C88200E63F5B /* TransEuroTrail (iOS) */;
			targetProxy = D4D999D627C8C88200E63F5B /* PBXContainerItemProxy */;
		};
		D4D999E327C8C88200E63F5B /* PBXTargetDependency */ = {
			isa = PBXTargetDependency;
			target = D4D999CD27C8C88200E63F5B /* TransEuroTrail (macOS) */;
			targetProxy = D4D999E227C8C88200E63F5B /* PBXContainerItemProxy */;
		};
/* End PBXTargetDependency section */

/* Begin XCBuildConfiguration section */
		D4D999EF27C8C88200E63F5B /* Debug */ = {
			isa = XCBuildConfiguration;
			buildSettings = {
				ALWAYS_SEARCH_USER_PATHS = NO;
				CLANG_ANALYZER_NONNULL = YES;
				CLANG_ANALYZER_NUMBER_OBJECT_CONVERSION = YES_AGGRESSIVE;
				CLANG_CXX_LANGUAGE_STANDARD = "gnu++17";
				CLANG_CXX_LIBRARY = "libc++";
				CLANG_ENABLE_MODULES = YES;
				CLANG_ENABLE_OBJC_ARC = YES;
				CLANG_ENABLE_OBJC_WEAK = YES;
				CLANG_WARN_BLOCK_CAPTURE_AUTORELEASING = YES;
				CLANG_WARN_BOOL_CONVERSION = YES;
				CLANG_WARN_COMMA = YES;
				CLANG_WARN_CONSTANT_CONVERSION = YES;
				CLANG_WARN_DEPRECATED_OBJC_IMPLEMENTATIONS = YES;
				CLANG_WARN_DIRECT_OBJC_ISA_USAGE = YES_ERROR;
				CLANG_WARN_DOCUMENTATION_COMMENTS = YES;
				CLANG_WARN_EMPTY_BODY = YES;
				CLANG_WARN_ENUM_CONVERSION = YES;
				CLANG_WARN_INFINITE_RECURSION = YES;
				CLANG_WARN_INT_CONVERSION = YES;
				CLANG_WARN_NON_LITERAL_NULL_CONVERSION = YES;
				CLANG_WARN_OBJC_IMPLICIT_RETAIN_SELF = YES;
				CLANG_WARN_OBJC_LITERAL_CONVERSION = YES;
				CLANG_WARN_OBJC_ROOT_CLASS = YES_ERROR;
				CLANG_WARN_QUOTED_INCLUDE_IN_FRAMEWORK_HEADER = YES;
				CLANG_WARN_RANGE_LOOP_ANALYSIS = YES;
				CLANG_WARN_STRICT_PROTOTYPES = YES;
				CLANG_WARN_SUSPICIOUS_MOVE = YES;
				CLANG_WARN_UNGUARDED_AVAILABILITY = YES_AGGRESSIVE;
				CLANG_WARN_UNREACHABLE_CODE = YES;
				CLANG_WARN__DUPLICATE_METHOD_MATCH = YES;
				COPY_PHASE_STRIP = NO;
				DEBUG_INFORMATION_FORMAT = dwarf;
				ENABLE_STRICT_OBJC_MSGSEND = YES;
				ENABLE_TESTABILITY = YES;
				GCC_C_LANGUAGE_STANDARD = gnu11;
				GCC_DYNAMIC_NO_PIC = NO;
				GCC_NO_COMMON_BLOCKS = YES;
				GCC_OPTIMIZATION_LEVEL = 0;
				GCC_PREPROCESSOR_DEFINITIONS = (
					"DEBUG=1",
					"$(inherited)",
				);
				GCC_WARN_64_TO_32_BIT_CONVERSION = YES;
				GCC_WARN_ABOUT_RETURN_TYPE = YES_ERROR;
				GCC_WARN_UNDECLARED_SELECTOR = YES;
				GCC_WARN_UNINITIALIZED_AUTOS = YES_AGGRESSIVE;
				GCC_WARN_UNUSED_FUNCTION = YES;
				GCC_WARN_UNUSED_VARIABLE = YES;
				MTL_ENABLE_DEBUG_INFO = INCLUDE_SOURCE;
				MTL_FAST_MATH = YES;
				ONLY_ACTIVE_ARCH = YES;
				SWIFT_ACTIVE_COMPILATION_CONDITIONS = DEBUG;
				SWIFT_OPTIMIZATION_LEVEL = "-Onone";
			};
			name = Debug;
		};
		D4D999F027C8C88200E63F5B /* Release */ = {
			isa = XCBuildConfiguration;
			buildSettings = {
				ALWAYS_SEARCH_USER_PATHS = NO;
				CLANG_ANALYZER_NONNULL = YES;
				CLANG_ANALYZER_NUMBER_OBJECT_CONVERSION = YES_AGGRESSIVE;
				CLANG_CXX_LANGUAGE_STANDARD = "gnu++17";
				CLANG_CXX_LIBRARY = "libc++";
				CLANG_ENABLE_MODULES = YES;
				CLANG_ENABLE_OBJC_ARC = YES;
				CLANG_ENABLE_OBJC_WEAK = YES;
				CLANG_WARN_BLOCK_CAPTURE_AUTORELEASING = YES;
				CLANG_WARN_BOOL_CONVERSION = YES;
				CLANG_WARN_COMMA = YES;
				CLANG_WARN_CONSTANT_CONVERSION = YES;
				CLANG_WARN_DEPRECATED_OBJC_IMPLEMENTATIONS = YES;
				CLANG_WARN_DIRECT_OBJC_ISA_USAGE = YES_ERROR;
				CLANG_WARN_DOCUMENTATION_COMMENTS = YES;
				CLANG_WARN_EMPTY_BODY = YES;
				CLANG_WARN_ENUM_CONVERSION = YES;
				CLANG_WARN_INFINITE_RECURSION = YES;
				CLANG_WARN_INT_CONVERSION = YES;
				CLANG_WARN_NON_LITERAL_NULL_CONVERSION = YES;
				CLANG_WARN_OBJC_IMPLICIT_RETAIN_SELF = YES;
				CLANG_WARN_OBJC_LITERAL_CONVERSION = YES;
				CLANG_WARN_OBJC_ROOT_CLASS = YES_ERROR;
				CLANG_WARN_QUOTED_INCLUDE_IN_FRAMEWORK_HEADER = YES;
				CLANG_WARN_RANGE_LOOP_ANALYSIS = YES;
				CLANG_WARN_STRICT_PROTOTYPES = YES;
				CLANG_WARN_SUSPICIOUS_MOVE = YES;
				CLANG_WARN_UNGUARDED_AVAILABILITY = YES_AGGRESSIVE;
				CLANG_WARN_UNREACHABLE_CODE = YES;
				CLANG_WARN__DUPLICATE_METHOD_MATCH = YES;
				COPY_PHASE_STRIP = NO;
				DEBUG_INFORMATION_FORMAT = "dwarf-with-dsym";
				ENABLE_NS_ASSERTIONS = NO;
				ENABLE_STRICT_OBJC_MSGSEND = YES;
				GCC_C_LANGUAGE_STANDARD = gnu11;
				GCC_NO_COMMON_BLOCKS = YES;
				GCC_WARN_64_TO_32_BIT_CONVERSION = YES;
				GCC_WARN_ABOUT_RETURN_TYPE = YES_ERROR;
				GCC_WARN_UNDECLARED_SELECTOR = YES;
				GCC_WARN_UNINITIALIZED_AUTOS = YES_AGGRESSIVE;
				GCC_WARN_UNUSED_FUNCTION = YES;
				GCC_WARN_UNUSED_VARIABLE = YES;
				MTL_ENABLE_DEBUG_INFO = NO;
				MTL_FAST_MATH = YES;
				SWIFT_COMPILATION_MODE = wholemodule;
				SWIFT_OPTIMIZATION_LEVEL = "-O";
			};
			name = Release;
		};
		D4D999F227C8C88200E63F5B /* Debug */ = {
			isa = XCBuildConfiguration;
			buildSettings = {
				ASSETCATALOG_COMPILER_APPICON_NAME = AppIcon;
				ASSETCATALOG_COMPILER_GLOBAL_ACCENT_COLOR_NAME = AccentColor;
				CODE_SIGN_STYLE = Automatic;
				CURRENT_PROJECT_VERSION = 1;
				DEVELOPMENT_TEAM = N47X9762PN;
				ENABLE_PREVIEWS = YES;
				GENERATE_INFOPLIST_FILE = YES;
				INFOPLIST_KEY_UIApplicationSceneManifest_Generation = YES;
				INFOPLIST_KEY_UIApplicationSupportsIndirectInputEvents = YES;
				INFOPLIST_KEY_UILaunchScreen_Generation = YES;
				INFOPLIST_KEY_UISupportedInterfaceOrientations_iPad = "UIInterfaceOrientationPortrait UIInterfaceOrientationPortraitUpsideDown UIInterfaceOrientationLandscapeLeft UIInterfaceOrientationLandscapeRight";
				INFOPLIST_KEY_UISupportedInterfaceOrientations_iPhone = "UIInterfaceOrientationPortrait UIInterfaceOrientationLandscapeLeft UIInterfaceOrientationLandscapeRight";
				IPHONEOS_DEPLOYMENT_TARGET = 15.2;
				LD_RUNPATH_SEARCH_PATHS = (
					"$(inherited)",
					"@executable_path/Frameworks",
				);
				MARKETING_VERSION = 1.0;
				PRODUCT_BUNDLE_IDENTIFIER = org.transeurotrail.TransEuroTrail;
				PRODUCT_NAME = TransEuroTrail;
				SDKROOT = iphoneos;
				SWIFT_EMIT_LOC_STRINGS = YES;
				SWIFT_VERSION = 5.0;
				TARGETED_DEVICE_FAMILY = "1,2";
			};
			name = Debug;
		};
		D4D999F327C8C88200E63F5B /* Release */ = {
			isa = XCBuildConfiguration;
			buildSettings = {
				ASSETCATALOG_COMPILER_APPICON_NAME = AppIcon;
				ASSETCATALOG_COMPILER_GLOBAL_ACCENT_COLOR_NAME = AccentColor;
				CODE_SIGN_STYLE = Automatic;
				CURRENT_PROJECT_VERSION = 1;
				DEVELOPMENT_TEAM = N47X9762PN;
				ENABLE_PREVIEWS = YES;
				GENERATE_INFOPLIST_FILE = YES;
				INFOPLIST_KEY_UIApplicationSceneManifest_Generation = YES;
				INFOPLIST_KEY_UIApplicationSupportsIndirectInputEvents = YES;
				INFOPLIST_KEY_UILaunchScreen_Generation = YES;
				INFOPLIST_KEY_UISupportedInterfaceOrientations_iPad = "UIInterfaceOrientationPortrait UIInterfaceOrientationPortraitUpsideDown UIInterfaceOrientationLandscapeLeft UIInterfaceOrientationLandscapeRight";
				INFOPLIST_KEY_UISupportedInterfaceOrientations_iPhone = "UIInterfaceOrientationPortrait UIInterfaceOrientationLandscapeLeft UIInterfaceOrientationLandscapeRight";
				IPHONEOS_DEPLOYMENT_TARGET = 15.2;
				LD_RUNPATH_SEARCH_PATHS = (
					"$(inherited)",
					"@executable_path/Frameworks",
				);
				MARKETING_VERSION = 1.0;
				PRODUCT_BUNDLE_IDENTIFIER = org.transeurotrail.TransEuroTrail;
				PRODUCT_NAME = TransEuroTrail;
				SDKROOT = iphoneos;
				SWIFT_EMIT_LOC_STRINGS = YES;
				SWIFT_VERSION = 5.0;
				TARGETED_DEVICE_FAMILY = "1,2";
				VALIDATE_PRODUCT = YES;
			};
			name = Release;
		};
		D4D999F527C8C88200E63F5B /* Debug */ = {
			isa = XCBuildConfiguration;
			buildSettings = {
				ASSETCATALOG_COMPILER_APPICON_NAME = AppIcon;
				ASSETCATALOG_COMPILER_GLOBAL_ACCENT_COLOR_NAME = AccentColor;
				CODE_SIGN_ENTITLEMENTS = macOS/macOS.entitlements;
				CODE_SIGN_STYLE = Automatic;
				COMBINE_HIDPI_IMAGES = YES;
				CURRENT_PROJECT_VERSION = 1;
				DEVELOPMENT_TEAM = N47X9762PN;
				ENABLE_HARDENED_RUNTIME = YES;
				ENABLE_PREVIEWS = YES;
				GENERATE_INFOPLIST_FILE = YES;
				INFOPLIST_KEY_NSHumanReadableCopyright = "";
				LD_RUNPATH_SEARCH_PATHS = (
					"$(inherited)",
					"@executable_path/../Frameworks",
				);
				MACOSX_DEPLOYMENT_TARGET = 12.1;
				MARKETING_VERSION = 1.0;
				PRODUCT_BUNDLE_IDENTIFIER = org.transeurotrail.TransEuroTrail;
				PRODUCT_NAME = TransEuroTrail;
				SDKROOT = macosx;
				SWIFT_EMIT_LOC_STRINGS = YES;
				SWIFT_VERSION = 5.0;
			};
			name = Debug;
		};
		D4D999F627C8C88200E63F5B /* Release */ = {
			isa = XCBuildConfiguration;
			buildSettings = {
				ASSETCATALOG_COMPILER_APPICON_NAME = AppIcon;
				ASSETCATALOG_COMPILER_GLOBAL_ACCENT_COLOR_NAME = AccentColor;
				CODE_SIGN_ENTITLEMENTS = macOS/macOS.entitlements;
				CODE_SIGN_STYLE = Automatic;
				COMBINE_HIDPI_IMAGES = YES;
				CURRENT_PROJECT_VERSION = 1;
				DEVELOPMENT_TEAM = N47X9762PN;
				ENABLE_HARDENED_RUNTIME = YES;
				ENABLE_PREVIEWS = YES;
				GENERATE_INFOPLIST_FILE = YES;
				INFOPLIST_KEY_NSHumanReadableCopyright = "";
				LD_RUNPATH_SEARCH_PATHS = (
					"$(inherited)",
					"@executable_path/../Frameworks",
				);
				MACOSX_DEPLOYMENT_TARGET = 12.1;
				MARKETING_VERSION = 1.0;
				PRODUCT_BUNDLE_IDENTIFIER = org.transeurotrail.TransEuroTrail;
				PRODUCT_NAME = TransEuroTrail;
				SDKROOT = macosx;
				SWIFT_EMIT_LOC_STRINGS = YES;
				SWIFT_VERSION = 5.0;
			};
			name = Release;
		};
		D4D999F827C8C88200E63F5B /* Debug */ = {
			isa = XCBuildConfiguration;
			buildSettings = {
				ALWAYS_EMBED_SWIFT_STANDARD_LIBRARIES = YES;
				CODE_SIGN_STYLE = Automatic;
				CURRENT_PROJECT_VERSION = 1;
				DEVELOPMENT_TEAM = N47X9762PN;
				GENERATE_INFOPLIST_FILE = YES;
				IPHONEOS_DEPLOYMENT_TARGET = 15.2;
				MARKETING_VERSION = 1.0;
				PRODUCT_BUNDLE_IDENTIFIER = "org.transeurotrail.Tests-iOS";
				PRODUCT_NAME = "$(TARGET_NAME)";
				SDKROOT = iphoneos;
				SWIFT_EMIT_LOC_STRINGS = NO;
				SWIFT_VERSION = 5.0;
				TARGETED_DEVICE_FAMILY = "1,2";
				TEST_TARGET_NAME = "TransEuroTrail (iOS)";
			};
			name = Debug;
		};
		D4D999F927C8C88200E63F5B /* Release */ = {
			isa = XCBuildConfiguration;
			buildSettings = {
				ALWAYS_EMBED_SWIFT_STANDARD_LIBRARIES = YES;
				CODE_SIGN_STYLE = Automatic;
				CURRENT_PROJECT_VERSION = 1;
				DEVELOPMENT_TEAM = N47X9762PN;
				GENERATE_INFOPLIST_FILE = YES;
				IPHONEOS_DEPLOYMENT_TARGET = 15.2;
				MARKETING_VERSION = 1.0;
				PRODUCT_BUNDLE_IDENTIFIER = "org.transeurotrail.Tests-iOS";
				PRODUCT_NAME = "$(TARGET_NAME)";
				SDKROOT = iphoneos;
				SWIFT_EMIT_LOC_STRINGS = NO;
				SWIFT_VERSION = 5.0;
				TARGETED_DEVICE_FAMILY = "1,2";
				TEST_TARGET_NAME = "TransEuroTrail (iOS)";
				VALIDATE_PRODUCT = YES;
			};
			name = Release;
		};
		D4D999FB27C8C88200E63F5B /* Debug */ = {
			isa = XCBuildConfiguration;
			buildSettings = {
				ALWAYS_EMBED_SWIFT_STANDARD_LIBRARIES = YES;
				CODE_SIGN_STYLE = Automatic;
				CURRENT_PROJECT_VERSION = 1;
				DEVELOPMENT_TEAM = N47X9762PN;
				GENERATE_INFOPLIST_FILE = YES;
				MACOSX_DEPLOYMENT_TARGET = 12.1;
				MARKETING_VERSION = 1.0;
				PRODUCT_BUNDLE_IDENTIFIER = "org.transeurotrail.Tests-macOS";
				PRODUCT_NAME = "$(TARGET_NAME)";
				SDKROOT = macosx;
				SWIFT_EMIT_LOC_STRINGS = NO;
				SWIFT_VERSION = 5.0;
				TEST_TARGET_NAME = "TransEuroTrail (macOS)";
			};
			name = Debug;
		};
		D4D999FC27C8C88200E63F5B /* Release */ = {
			isa = XCBuildConfiguration;
			buildSettings = {
				ALWAYS_EMBED_SWIFT_STANDARD_LIBRARIES = YES;
				CODE_SIGN_STYLE = Automatic;
				CURRENT_PROJECT_VERSION = 1;
				DEVELOPMENT_TEAM = N47X9762PN;
				GENERATE_INFOPLIST_FILE = YES;
				MACOSX_DEPLOYMENT_TARGET = 12.1;
				MARKETING_VERSION = 1.0;
				PRODUCT_BUNDLE_IDENTIFIER = "org.transeurotrail.Tests-macOS";
				PRODUCT_NAME = "$(TARGET_NAME)";
				SDKROOT = macosx;
				SWIFT_EMIT_LOC_STRINGS = NO;
				SWIFT_VERSION = 5.0;
				TEST_TARGET_NAME = "TransEuroTrail (macOS)";
			};
			name = Release;
		};
/* End XCBuildConfiguration section */

/* Begin XCConfigurationList section */
		D4D999BF27C8C88100E63F5B /* Build configuration list for PBXProject "TransEuroTrail" */ = {
			isa = XCConfigurationList;
			buildConfigurations = (
				D4D999EF27C8C88200E63F5B /* Debug */,
				D4D999F027C8C88200E63F5B /* Release */,
			);
			defaultConfigurationIsVisible = 0;
			defaultConfigurationName = Release;
		};
		D4D999F127C8C88200E63F5B /* Build configuration list for PBXNativeTarget "TransEuroTrail (iOS)" */ = {
			isa = XCConfigurationList;
			buildConfigurations = (
				D4D999F227C8C88200E63F5B /* Debug */,
				D4D999F327C8C88200E63F5B /* Release */,
			);
			defaultConfigurationIsVisible = 0;
			defaultConfigurationName = Release;
		};
		D4D999F427C8C88200E63F5B /* Build configuration list for PBXNativeTarget "TransEuroTrail (macOS)" */ = {
			isa = XCConfigurationList;
			buildConfigurations = (
				D4D999F527C8C88200E63F5B /* Debug */,
				D4D999F627C8C88200E63F5B /* Release */,
			);
			defaultConfigurationIsVisible = 0;
			defaultConfigurationName = Release;
		};
		D4D999F727C8C88200E63F5B /* Build configuration list for PBXNativeTarget "Tests iOS" */ = {
			isa = XCConfigurationList;
			buildConfigurations = (
				D4D999F827C8C88200E63F5B /* Debug */,
				D4D999F927C8C88200E63F5B /* Release */,
			);
			defaultConfigurationIsVisible = 0;
			defaultConfigurationName = Release;
		};
		D4D999FA27C8C88200E63F5B /* Build configuration list for PBXNativeTarget "Tests macOS" */ = {
			isa = XCConfigurationList;
			buildConfigurations = (
				D4D999FB27C8C88200E63F5B /* Debug */,
				D4D999FC27C8C88200E63F5B /* Release */,
			);
			defaultConfigurationIsVisible = 0;
			defaultConfigurationName = Release;
		};
/* End XCConfigurationList section */

/* Begin XCRemoteSwiftPackageReference section */
		D410C14E27DF3535006AEB35 /* XCRemoteSwiftPackageReference "CoreGPX" */ = {
			isa = XCRemoteSwiftPackageReference;
			repositoryURL = "https://github.com/vincentneo/CoreGPX";
			requirement = {
				kind = exactVersion;
				version = 0.9.0;
			};
		};
/* End XCRemoteSwiftPackageReference section */

/* Begin XCSwiftPackageProductDependency section */
		D410C14F27DF3535006AEB35 /* CoreGPX */ = {
			isa = XCSwiftPackageProductDependency;
			package = D410C14E27DF3535006AEB35 /* XCRemoteSwiftPackageReference "CoreGPX" */;
			productName = CoreGPX;
		};
/* End XCSwiftPackageProductDependency section */
	};
	rootObject = D4D999BC27C8C88100E63F5B /* Project object */;
}
